// !$*UTF8*$!
{
	archiveVersion = 1;
	classes = {
	};
	objectVersion = 56;
	objects = {

/* Begin PBXBuildFile section */
		2B086DFF2EEA21D600240038 /* DependencyContainer.swift in Sources */ = {isa = PBXBuildFile; fileRef = 2B086DF62EEA21D600240038 /* DependencyContainer.swift */; };
		2B086E002EEA21D600240038 /* AuthenticationCoordinator.swift in Sources */ = {isa = PBXBuildFile; fileRef = 2B086DF82EEA21D600240038 /* AuthenticationCoordinator.swift */; };
		2B086E012EEA21D600240038 /* AppCoordinator.swift in Sources */ = {isa = PBXBuildFile; fileRef = 2B086DF92EEA21D600240038 /* AppCoordinator.swift */; };
		2B086E022EEA21D600240038 /* MainCoordinator.swift in Sources */ = {isa = PBXBuildFile; fileRef = 2B086DFA2EEA21D600240038 /* MainCoordinator.swift */; };
		2B086E032EEA21D600240038 /* Coordinator.swift in Sources */ = {isa = PBXBuildFile; fileRef = 2B086DFB2EEA21D600240038 /* Coordinator.swift */; };
		2B086E042EEA21D600240038 /* ViewFactory.swift in Sources */ = {isa = PBXBuildFile; fileRef = 2B086DFD2EEA21D600240038 /* ViewFactory.swift */; };
		2B086E052EEA21D600240038 /* ViewModelFactory.swift in Sources */ = {isa = PBXBuildFile; fileRef = 2B086DFE2EEA21D600240038 /* ViewModelFactory.swift */; };
		2B086E092EEA289B00240038 /* AuthServiceProtocol.swift in Sources */ = {isa = PBXBuildFile; fileRef = 2B086E072EEA289B00240038 /* AuthServiceProtocol.swift */; };
		2B086E0A2EEA289B00240038 /* UserServiceProtocol.swift in Sources */ = {isa = PBXBuildFile; fileRef = 2B086E082EEA289B00240038 /* UserServiceProtocol.swift */; };
		2B086E122EEA28B100240038 /* ContentViewModelProtocol.swift in Sources */ = {isa = PBXBuildFile; fileRef = 2B086E0C2EEA28B100240038 /* ContentViewModelProtocol.swift */; };
		2B086E132EEA28B100240038 /* EditProfileViewModelProtocol.swift in Sources */ = {isa = PBXBuildFile; fileRef = 2B086E0D2EEA28B100240038 /* EditProfileViewModelProtocol.swift */; };
		2B086E142EEA28B100240038 /* UploadPostViewModelProtocol.swift in Sources */ = {isa = PBXBuildFile; fileRef = 2B086E0E2EEA28B100240038 /* UploadPostViewModelProtocol.swift */; };
		2B086E152EEA28B100240038 /* LoginViewModelProtocol.swift in Sources */ = {isa = PBXBuildFile; fileRef = 2B086E0F2EEA28B100240038 /* LoginViewModelProtocol.swift */; };
		2B086E162EEA28B100240038 /* SearchViewModelProtocol.swift in Sources */ = {isa = PBXBuildFile; fileRef = 2B086E102EEA28B100240038 /* SearchViewModelProtocol.swift */; };
		2B086E172EEA28B100240038 /* RegisterViewModelProtocol.swift in Sources */ = {isa = PBXBuildFile; fileRef = 2B086E112EEA28B100240038 /* RegisterViewModelProtocol.swift */; };
		2B086E1A2EEA37B000240038 /* AppDelegate.swift in Sources */ = {isa = PBXBuildFile; fileRef = 2B086E192EEA37B000240038 /* AppDelegate.swift */; };
		2B086E222EEA3AA900240038 /* FirestoreConstants.swift in Sources */ = {isa = PBXBuildFile; fileRef = 2B086E212EEA3AA900240038 /* FirestoreConstants.swift */; };
		2B16C53E2EE214C2002D4DDD /* SnapFeedApp.swift in Sources */ = {isa = PBXBuildFile; fileRef = 2B16C53D2EE214C2002D4DDD /* SnapFeedApp.swift */; };
		2B16C5402EE214C2002D4DDD /* ContentView.swift in Sources */ = {isa = PBXBuildFile; fileRef = 2B16C53F2EE214C2002D4DDD /* ContentView.swift */; };
		2B16C5422EE214C4002D4DDD /* Assets.xcassets in Resources */ = {isa = PBXBuildFile; fileRef = 2B16C5412EE214C4002D4DDD /* Assets.xcassets */; };
		2B16C5452EE214C4002D4DDD /* Preview Assets.xcassets in Resources */ = {isa = PBXBuildFile; fileRef = 2B16C5442EE214C4002D4DDD /* Preview Assets.xcassets */; };
		2B16C54F2EE214C4002D4DDD /* SnapFeedTests.swift in Sources */ = {isa = PBXBuildFile; fileRef = 2B16C54E2EE214C4002D4DDD /* SnapFeedTests.swift */; };
		2B16C5592EE214C4002D4DDD /* SnapFeedUITests.swift in Sources */ = {isa = PBXBuildFile; fileRef = 2B16C5582EE214C4002D4DDD /* SnapFeedUITests.swift */; };
		2B16C55B2EE214C4002D4DDD /* SnapFeedUITestsLaunchTests.swift in Sources */ = {isa = PBXBuildFile; fileRef = 2B16C55A2EE214C4002D4DDD /* SnapFeedUITestsLaunchTests.swift */; };
		2B16C56A2EE21645002D4DDD /* MainTabView.swift in Sources */ = {isa = PBXBuildFile; fileRef = 2B16C5692EE21645002D4DDD /* MainTabView.swift */; };
		2B246DC02EE85A1100796888 /* FirebaseAuth in Frameworks */ = {isa = PBXBuildFile; productRef = 2B246DBF2EE85A1100796888 /* FirebaseAuth */; };
		2B246DC22EE85A1100796888 /* FirebaseDatabase in Frameworks */ = {isa = PBXBuildFile; productRef = 2B246DC12EE85A1100796888 /* FirebaseDatabase */; };
		2B246DC42EE85A1100796888 /* FirebaseDatabaseSwift in Frameworks */ = {isa = PBXBuildFile; productRef = 2B246DC32EE85A1100796888 /* FirebaseDatabaseSwift */; };
		2B246DC62EE85A1100796888 /* FirebaseFirestore in Frameworks */ = {isa = PBXBuildFile; productRef = 2B246DC52EE85A1100796888 /* FirebaseFirestore */; };
		2B246DC82EE85A1100796888 /* FirebaseFirestoreSwift in Frameworks */ = {isa = PBXBuildFile; productRef = 2B246DC72EE85A1100796888 /* FirebaseFirestoreSwift */; };
		2B246DCA2EE85A1100796888 /* FirebaseFunctions in Frameworks */ = {isa = PBXBuildFile; productRef = 2B246DC92EE85A1100796888 /* FirebaseFunctions */; };
		2B246DCC2EE85A1100796888 /* FirebaseStorage in Frameworks */ = {isa = PBXBuildFile; productRef = 2B246DCB2EE85A1100796888 /* FirebaseStorage */; };
		2B246DCE2EE85CEC00796888 /* RegisterViewModel.swift in Sources */ = {isa = PBXBuildFile; fileRef = 2B246DCD2EE85CEC00796888 /* RegisterViewModel.swift */; };
		2B246DD02EE86E5C00796888 /* LoginViewModel.swift in Sources */ = {isa = PBXBuildFile; fileRef = 2B246DCF2EE86E5C00796888 /* LoginViewModel.swift */; };
		2B246DD22EE888F300796888 /* UserService.swift in Sources */ = {isa = PBXBuildFile; fileRef = 2B246DD12EE888F300796888 /* UserService.swift */; };
		2B246DD42EE88AC900796888 /* SearchViewModel.swift in Sources */ = {isa = PBXBuildFile; fileRef = 2B246DD32EE88AC900796888 /* SearchViewModel.swift */; };
		2B246DD62EE97DEF00796888 /* EditProfileView.swift in Sources */ = {isa = PBXBuildFile; fileRef = 2B246DD52EE97DEF00796888 /* EditProfileView.swift */; };
		2B246DD82EE982D500796888 /* EditProfileRowView.swift in Sources */ = {isa = PBXBuildFile; fileRef = 2B246DD72EE982D500796888 /* EditProfileRowView.swift */; };
		2B246DDA2EE98CB500796888 /* EditProfileViewModel.swift in Sources */ = {isa = PBXBuildFile; fileRef = 2B246DD92EE98CB500796888 /* EditProfileViewModel.swift */; };
		2B246DDC2EE99A8800796888 /* ImageUploader.swift in Sources */ = {isa = PBXBuildFile; fileRef = 2B246DDB2EE99A8800796888 /* ImageUploader.swift */; };
		2B774E272EE21DBC000AFE1A /* ProfileView.swift in Sources */ = {isa = PBXBuildFile; fileRef = 2B774E262EE21DBC000AFE1A /* ProfileView.swift */; };
		2B774E2A2EE225F8000AFE1A /* UserStatView.swift in Sources */ = {isa = PBXBuildFile; fileRef = 2B774E292EE225F8000AFE1A /* UserStatView.swift */; };
		2B774E2D2EE2303F000AFE1A /* FeedView.swift in Sources */ = {isa = PBXBuildFile; fileRef = 2B774E2C2EE2303F000AFE1A /* FeedView.swift */; };
		2B774E2F2EE2304D000AFE1A /* FeedCard.swift in Sources */ = {isa = PBXBuildFile; fileRef = 2B774E2E2EE2304D000AFE1A /* FeedCard.swift */; };
		2B774E322EE2E0B1000AFE1A /* SearchView.swift in Sources */ = {isa = PBXBuildFile; fileRef = 2B774E312EE2E0B1000AFE1A /* SearchView.swift */; };
		2B774E352EE2E42A000AFE1A /* LoginView.swift in Sources */ = {isa = PBXBuildFile; fileRef = 2B774E342EE2E42A000AFE1A /* LoginView.swift */; };
		2B774E372EE6E3B9000AFE1A /* AddEmailView.swift in Sources */ = {isa = PBXBuildFile; fileRef = 2B774E362EE6E3B9000AFE1A /* AddEmailView.swift */; };
		2B774E392EE6EC05000AFE1A /* SFTextFieldModifier.swift in Sources */ = {isa = PBXBuildFile; fileRef = 2B774E382EE6EC05000AFE1A /* SFTextFieldModifier.swift */; };
		2B774E3B2EE6ED6B000AFE1A /* CreateUsernameView.swift in Sources */ = {isa = PBXBuildFile; fileRef = 2B774E3A2EE6ED6B000AFE1A /* CreateUsernameView.swift */; };
		2B774E3D2EE6FC27000AFE1A /* CreatePasswordView.swift in Sources */ = {isa = PBXBuildFile; fileRef = 2B774E3C2EE6FC27000AFE1A /* CreatePasswordView.swift */; };
		2B774E3F2EE6FD8B000AFE1A /* CompleteSignUpView.swift in Sources */ = {isa = PBXBuildFile; fileRef = 2B774E3E2EE6FD8B000AFE1A /* CompleteSignUpView.swift */; };
		2B774E412EE703C5000AFE1A /* SecureFieldWithButton.swift in Sources */ = {isa = PBXBuildFile; fileRef = 2B774E402EE703C5000AFE1A /* SecureFieldWithButton.swift */; };
		2B774E442EE70A78000AFE1A /* User.swift in Sources */ = {isa = PBXBuildFile; fileRef = 2B774E432EE70A78000AFE1A /* User.swift */; };
		2B774E462EE70F34000AFE1A /* MyProfileView.swift in Sources */ = {isa = PBXBuildFile; fileRef = 2B774E452EE70F34000AFE1A /* MyProfileView.swift */; };
		2B774E482EE71280000AFE1A /* Post.swift in Sources */ = {isa = PBXBuildFile; fileRef = 2B774E472EE71280000AFE1A /* Post.swift */; };
		2B774E4A2EE71A75000AFE1A /* PostGridView.swift in Sources */ = {isa = PBXBuildFile; fileRef = 2B774E492EE71A75000AFE1A /* PostGridView.swift */; };
		2B774E4D2EE71FD0000AFE1A /* ProfileHeaderView.swift in Sources */ = {isa = PBXBuildFile; fileRef = 2B774E4C2EE71FD0000AFE1A /* ProfileHeaderView.swift */; };
		2B774E502EE720E0000AFE1A /* UploadPostView.swift in Sources */ = {isa = PBXBuildFile; fileRef = 2B774E4F2EE720E0000AFE1A /* UploadPostView.swift */; };
		2B774E532EE7244D000AFE1A /* UploadPostViewModel.swift in Sources */ = {isa = PBXBuildFile; fileRef = 2B774E522EE7244D000AFE1A /* UploadPostViewModel.swift */; };
		2B774E552EE849D8000AFE1A /* GoogleService-Info.plist in Resources */ = {isa = PBXBuildFile; fileRef = 2B774E542EE849D8000AFE1A /* GoogleService-Info.plist */; };
		2B774E6D2EE84E31000AFE1A /* AuthService.swift in Sources */ = {isa = PBXBuildFile; fileRef = 2B774E6C2EE84E31000AFE1A /* AuthService.swift */; };
		2B774E722EE85127000AFE1A /* ContentViewModel.swift in Sources */ = {isa = PBXBuildFile; fileRef = 2B774E712EE85127000AFE1A /* ContentViewModel.swift */; };
		2BF3E3CA2EEC3A1C00127B0E /* PreviewHelpers.swift in Sources */ = {isa = PBXBuildFile; fileRef = 2BF3E3C92EEC3A1C00127B0E /* PreviewHelpers.swift */; };
		2BF3E3CC2EEC4E8C00127B0E /* String+Localized.swift in Sources */ = {isa = PBXBuildFile; fileRef = 2BF3E3CB2EEC4E8C00127B0E /* String+Localized.swift */; };
		2BF3E3D92EEC4EC200127B0E /* Localizable.strings in Resources */ = {isa = PBXBuildFile; fileRef = 2BF3E3CE2EEC4EC200127B0E /* Localizable.strings */; };
		2BF3E3DA2EEC4EC200127B0E /* Localizable.strings in Resources */ = {isa = PBXBuildFile; fileRef = 2BF3E3D12EEC4EC200127B0E /* Localizable.strings */; };
		2BF3E3DB2EEC4EC200127B0E /* Localizable.strings in Resources */ = {isa = PBXBuildFile; fileRef = 2BF3E3D42EEC4EC200127B0E /* Localizable.strings */; };
		2BF3E3DC2EEC4EC200127B0E /* Localizable.strings in Resources */ = {isa = PBXBuildFile; fileRef = 2BF3E3D72EEC4EC200127B0E /* Localizable.strings */; };
		2BF3E3DE2EEC4F0A00127B0E /* LanguageManager.swift in Sources */ = {isa = PBXBuildFile; fileRef = 2BF3E3DD2EEC4F0A00127B0E /* LanguageManager.swift */; };
/* End PBXBuildFile section */

/* Begin PBXContainerItemProxy section */
		2B16C54B2EE214C4002D4DDD /* PBXContainerItemProxy */ = {
			isa = PBXContainerItemProxy;
			containerPortal = 2B16C5322EE214C2002D4DDD /* Project object */;
			proxyType = 1;
			remoteGlobalIDString = 2B16C5392EE214C2002D4DDD;
			remoteInfo = SnapFeed;
		};
		2B16C5552EE214C4002D4DDD /* PBXContainerItemProxy */ = {
			isa = PBXContainerItemProxy;
			containerPortal = 2B16C5322EE214C2002D4DDD /* Project object */;
			proxyType = 1;
			remoteGlobalIDString = 2B16C5392EE214C2002D4DDD;
			remoteInfo = SnapFeed;
		};
/* End PBXContainerItemProxy section */

/* Begin PBXFileReference section */
		2B086DF62EEA21D600240038 /* DependencyContainer.swift */ = {isa = PBXFileReference; fileEncoding = 4; lastKnownFileType = sourcecode.swift; path = DependencyContainer.swift; sourceTree = "<group>"; };
		2B086DF82EEA21D600240038 /* AuthenticationCoordinator.swift */ = {isa = PBXFileReference; fileEncoding = 4; lastKnownFileType = sourcecode.swift; path = AuthenticationCoordinator.swift; sourceTree = "<group>"; };
		2B086DF92EEA21D600240038 /* AppCoordinator.swift */ = {isa = PBXFileReference; fileEncoding = 4; lastKnownFileType = sourcecode.swift; path = AppCoordinator.swift; sourceTree = "<group>"; };
		2B086DFA2EEA21D600240038 /* MainCoordinator.swift */ = {isa = PBXFileReference; fileEncoding = 4; lastKnownFileType = sourcecode.swift; path = MainCoordinator.swift; sourceTree = "<group>"; };
		2B086DFB2EEA21D600240038 /* Coordinator.swift */ = {isa = PBXFileReference; fileEncoding = 4; lastKnownFileType = sourcecode.swift; path = Coordinator.swift; sourceTree = "<group>"; };
		2B086DFD2EEA21D600240038 /* ViewFactory.swift */ = {isa = PBXFileReference; fileEncoding = 4; lastKnownFileType = sourcecode.swift; path = ViewFactory.swift; sourceTree = "<group>"; };
		2B086DFE2EEA21D600240038 /* ViewModelFactory.swift */ = {isa = PBXFileReference; fileEncoding = 4; lastKnownFileType = sourcecode.swift; path = ViewModelFactory.swift; sourceTree = "<group>"; };
		2B086E072EEA289B00240038 /* AuthServiceProtocol.swift */ = {isa = PBXFileReference; fileEncoding = 4; lastKnownFileType = sourcecode.swift; path = AuthServiceProtocol.swift; sourceTree = "<group>"; };
		2B086E082EEA289B00240038 /* UserServiceProtocol.swift */ = {isa = PBXFileReference; fileEncoding = 4; lastKnownFileType = sourcecode.swift; path = UserServiceProtocol.swift; sourceTree = "<group>"; };
		2B086E0C2EEA28B100240038 /* ContentViewModelProtocol.swift */ = {isa = PBXFileReference; fileEncoding = 4; lastKnownFileType = sourcecode.swift; path = ContentViewModelProtocol.swift; sourceTree = "<group>"; };
		2B086E0D2EEA28B100240038 /* EditProfileViewModelProtocol.swift */ = {isa = PBXFileReference; fileEncoding = 4; lastKnownFileType = sourcecode.swift; path = EditProfileViewModelProtocol.swift; sourceTree = "<group>"; };
		2B086E0E2EEA28B100240038 /* UploadPostViewModelProtocol.swift */ = {isa = PBXFileReference; fileEncoding = 4; lastKnownFileType = sourcecode.swift; path = UploadPostViewModelProtocol.swift; sourceTree = "<group>"; };
		2B086E0F2EEA28B100240038 /* LoginViewModelProtocol.swift */ = {isa = PBXFileReference; fileEncoding = 4; lastKnownFileType = sourcecode.swift; path = LoginViewModelProtocol.swift; sourceTree = "<group>"; };
		2B086E102EEA28B100240038 /* SearchViewModelProtocol.swift */ = {isa = PBXFileReference; fileEncoding = 4; lastKnownFileType = sourcecode.swift; path = SearchViewModelProtocol.swift; sourceTree = "<group>"; };
		2B086E112EEA28B100240038 /* RegisterViewModelProtocol.swift */ = {isa = PBXFileReference; fileEncoding = 4; lastKnownFileType = sourcecode.swift; path = RegisterViewModelProtocol.swift; sourceTree = "<group>"; };
		2B086E192EEA37B000240038 /* AppDelegate.swift */ = {isa = PBXFileReference; lastKnownFileType = sourcecode.swift; path = AppDelegate.swift; sourceTree = "<group>"; };
		2B086E212EEA3AA900240038 /* FirestoreConstants.swift */ = {isa = PBXFileReference; fileEncoding = 4; lastKnownFileType = sourcecode.swift; path = FirestoreConstants.swift; sourceTree = "<group>"; };
		2B16C53A2EE214C2002D4DDD /* SnapFeed.app */ = {isa = PBXFileReference; explicitFileType = wrapper.application; includeInIndex = 0; path = SnapFeed.app; sourceTree = BUILT_PRODUCTS_DIR; };
		2B16C53D2EE214C2002D4DDD /* SnapFeedApp.swift */ = {isa = PBXFileReference; lastKnownFileType = sourcecode.swift; path = SnapFeedApp.swift; sourceTree = "<group>"; };
		2B16C53F2EE214C2002D4DDD /* ContentView.swift */ = {isa = PBXFileReference; lastKnownFileType = sourcecode.swift; path = ContentView.swift; sourceTree = "<group>"; };
		2B16C5412EE214C4002D4DDD /* Assets.xcassets */ = {isa = PBXFileReference; lastKnownFileType = folder.assetcatalog; path = Assets.xcassets; sourceTree = "<group>"; };
		2B16C5442EE214C4002D4DDD /* Preview Assets.xcassets */ = {isa = PBXFileReference; lastKnownFileType = folder.assetcatalog; path = "Preview Assets.xcassets"; sourceTree = "<group>"; };
		2B16C54A2EE214C4002D4DDD /* SnapFeedTests.xctest */ = {isa = PBXFileReference; explicitFileType = wrapper.cfbundle; includeInIndex = 0; path = SnapFeedTests.xctest; sourceTree = BUILT_PRODUCTS_DIR; };
		2B16C54E2EE214C4002D4DDD /* SnapFeedTests.swift */ = {isa = PBXFileReference; lastKnownFileType = sourcecode.swift; path = SnapFeedTests.swift; sourceTree = "<group>"; };
		2B16C5542EE214C4002D4DDD /* SnapFeedUITests.xctest */ = {isa = PBXFileReference; explicitFileType = wrapper.cfbundle; includeInIndex = 0; path = SnapFeedUITests.xctest; sourceTree = BUILT_PRODUCTS_DIR; };
		2B16C5582EE214C4002D4DDD /* SnapFeedUITests.swift */ = {isa = PBXFileReference; lastKnownFileType = sourcecode.swift; path = SnapFeedUITests.swift; sourceTree = "<group>"; };
		2B16C55A2EE214C4002D4DDD /* SnapFeedUITestsLaunchTests.swift */ = {isa = PBXFileReference; lastKnownFileType = sourcecode.swift; path = SnapFeedUITestsLaunchTests.swift; sourceTree = "<group>"; };
		2B16C5692EE21645002D4DDD /* MainTabView.swift */ = {isa = PBXFileReference; lastKnownFileType = sourcecode.swift; path = MainTabView.swift; sourceTree = "<group>"; };
		2B246DCD2EE85CEC00796888 /* RegisterViewModel.swift */ = {isa = PBXFileReference; lastKnownFileType = sourcecode.swift; path = RegisterViewModel.swift; sourceTree = "<group>"; };
		2B246DCF2EE86E5C00796888 /* LoginViewModel.swift */ = {isa = PBXFileReference; lastKnownFileType = sourcecode.swift; path = LoginViewModel.swift; sourceTree = "<group>"; };
		2B246DD12EE888F300796888 /* UserService.swift */ = {isa = PBXFileReference; lastKnownFileType = sourcecode.swift; path = UserService.swift; sourceTree = "<group>"; };
		2B246DD32EE88AC900796888 /* SearchViewModel.swift */ = {isa = PBXFileReference; lastKnownFileType = sourcecode.swift; path = SearchViewModel.swift; sourceTree = "<group>"; };
		2B246DD52EE97DEF00796888 /* EditProfileView.swift */ = {isa = PBXFileReference; lastKnownFileType = sourcecode.swift; path = EditProfileView.swift; sourceTree = "<group>"; };
		2B246DD72EE982D500796888 /* EditProfileRowView.swift */ = {isa = PBXFileReference; lastKnownFileType = sourcecode.swift; path = EditProfileRowView.swift; sourceTree = "<group>"; };
		2B246DD92EE98CB500796888 /* EditProfileViewModel.swift */ = {isa = PBXFileReference; lastKnownFileType = sourcecode.swift; path = EditProfileViewModel.swift; sourceTree = "<group>"; };
		2B246DDB2EE99A8800796888 /* ImageUploader.swift */ = {isa = PBXFileReference; lastKnownFileType = sourcecode.swift; path = ImageUploader.swift; sourceTree = "<group>"; };
		2B774E262EE21DBC000AFE1A /* ProfileView.swift */ = {isa = PBXFileReference; lastKnownFileType = sourcecode.swift; path = ProfileView.swift; sourceTree = "<group>"; };
		2B774E292EE225F8000AFE1A /* UserStatView.swift */ = {isa = PBXFileReference; lastKnownFileType = sourcecode.swift; path = UserStatView.swift; sourceTree = "<group>"; };
		2B774E2C2EE2303F000AFE1A /* FeedView.swift */ = {isa = PBXFileReference; lastKnownFileType = sourcecode.swift; path = FeedView.swift; sourceTree = "<group>"; };
		2B774E2E2EE2304D000AFE1A /* FeedCard.swift */ = {isa = PBXFileReference; lastKnownFileType = sourcecode.swift; path = FeedCard.swift; sourceTree = "<group>"; };
		2B774E312EE2E0B1000AFE1A /* SearchView.swift */ = {isa = PBXFileReference; lastKnownFileType = sourcecode.swift; path = SearchView.swift; sourceTree = "<group>"; };
		2B774E342EE2E42A000AFE1A /* LoginView.swift */ = {isa = PBXFileReference; lastKnownFileType = sourcecode.swift; path = LoginView.swift; sourceTree = "<group>"; };
		2B774E362EE6E3B9000AFE1A /* AddEmailView.swift */ = {isa = PBXFileReference; lastKnownFileType = sourcecode.swift; path = AddEmailView.swift; sourceTree = "<group>"; };
		2B774E382EE6EC05000AFE1A /* SFTextFieldModifier.swift */ = {isa = PBXFileReference; lastKnownFileType = sourcecode.swift; path = SFTextFieldModifier.swift; sourceTree = "<group>"; };
		2B774E3A2EE6ED6B000AFE1A /* CreateUsernameView.swift */ = {isa = PBXFileReference; lastKnownFileType = sourcecode.swift; path = CreateUsernameView.swift; sourceTree = "<group>"; };
		2B774E3C2EE6FC27000AFE1A /* CreatePasswordView.swift */ = {isa = PBXFileReference; lastKnownFileType = sourcecode.swift; path = CreatePasswordView.swift; sourceTree = "<group>"; };
		2B774E3E2EE6FD8B000AFE1A /* CompleteSignUpView.swift */ = {isa = PBXFileReference; lastKnownFileType = sourcecode.swift; path = CompleteSignUpView.swift; sourceTree = "<group>"; };
		2B774E402EE703C5000AFE1A /* SecureFieldWithButton.swift */ = {isa = PBXFileReference; lastKnownFileType = sourcecode.swift; path = SecureFieldWithButton.swift; sourceTree = "<group>"; };
		2B774E432EE70A78000AFE1A /* User.swift */ = {isa = PBXFileReference; lastKnownFileType = sourcecode.swift; path = User.swift; sourceTree = "<group>"; };
		2B774E452EE70F34000AFE1A /* MyProfileView.swift */ = {isa = PBXFileReference; lastKnownFileType = sourcecode.swift; path = MyProfileView.swift; sourceTree = "<group>"; };
		2B774E472EE71280000AFE1A /* Post.swift */ = {isa = PBXFileReference; lastKnownFileType = sourcecode.swift; path = Post.swift; sourceTree = "<group>"; };
		2B774E492EE71A75000AFE1A /* PostGridView.swift */ = {isa = PBXFileReference; lastKnownFileType = sourcecode.swift; path = PostGridView.swift; sourceTree = "<group>"; };
		2B774E4C2EE71FD0000AFE1A /* ProfileHeaderView.swift */ = {isa = PBXFileReference; lastKnownFileType = sourcecode.swift; path = ProfileHeaderView.swift; sourceTree = "<group>"; };
		2B774E4F2EE720E0000AFE1A /* UploadPostView.swift */ = {isa = PBXFileReference; lastKnownFileType = sourcecode.swift; path = UploadPostView.swift; sourceTree = "<group>"; };
		2B774E522EE7244D000AFE1A /* UploadPostViewModel.swift */ = {isa = PBXFileReference; lastKnownFileType = sourcecode.swift; path = UploadPostViewModel.swift; sourceTree = "<group>"; };
		2B774E542EE849D8000AFE1A /* GoogleService-Info.plist */ = {isa = PBXFileReference; fileEncoding = 4; lastKnownFileType = text.plist.xml; path = "GoogleService-Info.plist"; sourceTree = "<group>"; };
		2B774E6C2EE84E31000AFE1A /* AuthService.swift */ = {isa = PBXFileReference; lastKnownFileType = sourcecode.swift; path = AuthService.swift; sourceTree = "<group>"; };
		2B774E712EE85127000AFE1A /* ContentViewModel.swift */ = {isa = PBXFileReference; lastKnownFileType = sourcecode.swift; path = ContentViewModel.swift; sourceTree = "<group>"; };
		2BF3E3C92EEC3A1C00127B0E /* PreviewHelpers.swift */ = {isa = PBXFileReference; fileEncoding = 4; lastKnownFileType = sourcecode.swift; path = PreviewHelpers.swift; sourceTree = "<group>"; };
		2BF3E3CB2EEC4E8C00127B0E /* String+Localized.swift */ = {isa = PBXFileReference; fileEncoding = 4; lastKnownFileType = sourcecode.swift; path = "String+Localized.swift"; sourceTree = "<group>"; };
		2BF3E3CF2EEC4EC200127B0E /* tr */ = {isa = PBXFileReference; lastKnownFileType = text.plist.strings; name = tr; path = Localizable.strings; sourceTree = "<group>"; };
		2BF3E3D22EEC4EC200127B0E /* en */ = {isa = PBXFileReference; lastKnownFileType = text.plist.strings; name = en; path = Localizable.strings; sourceTree = "<group>"; };
		2BF3E3D52EEC4EC200127B0E /* Localizable.en */ = {isa = PBXFileReference; lastKnownFileType = text.plist.strings; name = Localizable.en; path = Localizable.strings; sourceTree = "<group>"; };
		2BF3E3D82EEC4EC200127B0E /* Localizable.tr */ = {isa = PBXFileReference; lastKnownFileType = text.plist.strings; name = Localizable.tr; path = Localizable.strings; sourceTree = "<group>"; };
		2BF3E3DD2EEC4F0A00127B0E /* LanguageManager.swift */ = {isa = PBXFileReference; fileEncoding = 4; lastKnownFileType = sourcecode.swift; path = LanguageManager.swift; sourceTree = "<group>"; };
/* End PBXFileReference section */

/* Begin PBXFrameworksBuildPhase section */
		2B16C5372EE214C2002D4DDD /* Frameworks */ = {
			isa = PBXFrameworksBuildPhase;
			buildActionMask = 2147483647;
			files = (
				2B246DC82EE85A1100796888 /* FirebaseFirestoreSwift in Frameworks */,
				2B246DC42EE85A1100796888 /* FirebaseDatabaseSwift in Frameworks */,
				2B246DC62EE85A1100796888 /* FirebaseFirestore in Frameworks */,
				2B246DCA2EE85A1100796888 /* FirebaseFunctions in Frameworks */,
				2B246DCC2EE85A1100796888 /* FirebaseStorage in Frameworks */,
				2B246DC22EE85A1100796888 /* FirebaseDatabase in Frameworks */,
				2B246DC02EE85A1100796888 /* FirebaseAuth in Frameworks */,
			);
			runOnlyForDeploymentPostprocessing = 0;
		};
		2B16C5472EE214C4002D4DDD /* Frameworks */ = {
			isa = PBXFrameworksBuildPhase;
			buildActionMask = 2147483647;
			files = (
			);
			runOnlyForDeploymentPostprocessing = 0;
		};
		2B16C5512EE214C4002D4DDD /* Frameworks */ = {
			isa = PBXFrameworksBuildPhase;
			buildActionMask = 2147483647;
			files = (
			);
			runOnlyForDeploymentPostprocessing = 0;
		};
/* End PBXFrameworksBuildPhase section */

/* Begin PBXGroup section */
		2B086DF52EEA21D600240038 /* Core */ = {
			isa = PBXGroup;
			children = (
				2B086DF72EEA21D600240038 /* Coordinators */,
				2B086E182EEA379000240038 /* DI */,
				2B086DFC2EEA21D600240038 /* Factories */,
				2B774E6B2EE84E0A000AFE1A /* Services */,
				2B086E1C2EEA394300240038 /* Utilities */,
			);
			path = Core;
			sourceTree = "<group>";
		};
		2B086DF72EEA21D600240038 /* Coordinators */ = {
			isa = PBXGroup;
			children = (
				2B086DF82EEA21D600240038 /* AuthenticationCoordinator.swift */,
				2B086DF92EEA21D600240038 /* AppCoordinator.swift */,
				2B086DFA2EEA21D600240038 /* MainCoordinator.swift */,
				2B086DFB2EEA21D600240038 /* Coordinator.swift */,
			);
			path = Coordinators;
			sourceTree = "<group>";
		};
		2B086DFC2EEA21D600240038 /* Factories */ = {
			isa = PBXGroup;
			children = (
				2B086DFD2EEA21D600240038 /* ViewFactory.swift */,
				2B086DFE2EEA21D600240038 /* ViewModelFactory.swift */,
			);
			path = Factories;
			sourceTree = "<group>";
		};
		2B086E062EEA289B00240038 /* Protocols */ = {
			isa = PBXGroup;
			children = (
				2B086E072EEA289B00240038 /* AuthServiceProtocol.swift */,
				2B086E082EEA289B00240038 /* UserServiceProtocol.swift */,
			);
			path = Protocols;
			sourceTree = "<group>";
		};
		2B086E0B2EEA28B100240038 /* Protocols */ = {
			isa = PBXGroup;
			children = (
				2B086E0C2EEA28B100240038 /* ContentViewModelProtocol.swift */,
				2B086E0D2EEA28B100240038 /* EditProfileViewModelProtocol.swift */,
				2B086E0E2EEA28B100240038 /* UploadPostViewModelProtocol.swift */,
				2B086E0F2EEA28B100240038 /* LoginViewModelProtocol.swift */,
				2B086E102EEA28B100240038 /* SearchViewModelProtocol.swift */,
				2B086E112EEA28B100240038 /* RegisterViewModelProtocol.swift */,
			);
			path = Protocols;
			sourceTree = "<group>";
		};
		2B086E182EEA379000240038 /* DI */ = {
			isa = PBXGroup;
			children = (
				2B086DF62EEA21D600240038 /* DependencyContainer.swift */,
			);
			path = DI;
			sourceTree = "<group>";
		};
		2B086E1B2EEA384C00240038 /* Resources */ = {
			isa = PBXGroup;
			children = (
				2BF3E3D02EEC4EC200127B0E /* en.lproj */,
				2BF3E3D32EEC4EC200127B0E /* Localizable.en.lproj */,
				2BF3E3D62EEC4EC200127B0E /* Localizable.tr.lproj */,
				2BF3E3CD2EEC4EC200127B0E /* tr.lproj */,
				2B16C5412EE214C4002D4DDD /* Assets.xcassets */,
				2B16C5432EE214C4002D4DDD /* Preview Content */,
				2B774E542EE849D8000AFE1A /* GoogleService-Info.plist */,
			);
			path = Resources;
			sourceTree = "<group>";
		};
		2B086E1C2EEA394300240038 /* Utilities */ = {
			isa = PBXGroup;
			children = (
				2BF3E3DD2EEC4F0A00127B0E /* LanguageManager.swift */,
				2BF3E3C92EEC3A1C00127B0E /* PreviewHelpers.swift */,
				2B086E202EEA396B00240038 /* Constants */,
				2B086E1D2EEA395000240038 /* Extensions */,
			);
			path = Utilities;
			sourceTree = "<group>";
		};
		2B086E1D2EEA395000240038 /* Extensions */ = {
			isa = PBXGroup;
			children = (
				2BF3E3CB2EEC4E8C00127B0E /* String+Localized.swift */,
			);
			path = Extensions;
			sourceTree = "<group>";
		};
		2B086E202EEA396B00240038 /* Constants */ = {
			isa = PBXGroup;
			children = (
				2B086E212EEA3AA900240038 /* FirestoreConstants.swift */,
			);
			path = Constants;
			sourceTree = "<group>";
		};
		2B16C5312EE214C2002D4DDD = {
			isa = PBXGroup;
			children = (
				2B16C53C2EE214C2002D4DDD /* SnapFeed */,
				2B16C54D2EE214C4002D4DDD /* SnapFeedTests */,
				2B16C5572EE214C4002D4DDD /* SnapFeedUITests */,
				2B16C53B2EE214C2002D4DDD /* Products */,
			);
			sourceTree = "<group>";
		};
		2B16C53B2EE214C2002D4DDD /* Products */ = {
			isa = PBXGroup;
			children = (
				2B16C53A2EE214C2002D4DDD /* SnapFeed.app */,
				2B16C54A2EE214C4002D4DDD /* SnapFeedTests.xctest */,
				2B16C5542EE214C4002D4DDD /* SnapFeedUITests.xctest */,
			);
			name = Products;
			sourceTree = "<group>";
		};
		2B16C53C2EE214C2002D4DDD /* SnapFeed */ = {
			isa = PBXGroup;
			children = (
				2B086E192EEA37B000240038 /* AppDelegate.swift */,
				2B16C53D2EE214C2002D4DDD /* SnapFeedApp.swift */,
				2B16C5672EE21611002D4DDD /* Views */,
				2B774E512EE72401000AFE1A /* ViewModels */,
				2B774E422EE70A6A000AFE1A /* Models */,
				2B086DF52EEA21D600240038 /* Core */,
				2B086E1B2EEA384C00240038 /* Resources */,
			);
			path = SnapFeed;
			sourceTree = "<group>";
		};
		2B16C5432EE214C4002D4DDD /* Preview Content */ = {
			isa = PBXGroup;
			children = (
				2B16C5442EE214C4002D4DDD /* Preview Assets.xcassets */,
			);
			path = "Preview Content";
			sourceTree = "<group>";
		};
		2B16C54D2EE214C4002D4DDD /* SnapFeedTests */ = {
			isa = PBXGroup;
			children = (
				2B16C54E2EE214C4002D4DDD /* SnapFeedTests.swift */,
			);
			path = SnapFeedTests;
			sourceTree = "<group>";
		};
		2B16C5572EE214C4002D4DDD /* SnapFeedUITests */ = {
			isa = PBXGroup;
			children = (
				2B16C5582EE214C4002D4DDD /* SnapFeedUITests.swift */,
				2B16C55A2EE214C4002D4DDD /* SnapFeedUITestsLaunchTests.swift */,
			);
			path = SnapFeedUITests;
			sourceTree = "<group>";
		};
		2B16C5672EE21611002D4DDD /* Views */ = {
			isa = PBXGroup;
			children = (
				2B774E6E2EE84F88000AFE1A /* Content */,
				2B774E4E2EE720CB000AFE1A /* UploadPostView */,
				2B774E2B2EE2301F000AFE1A /* Feed */,
				2B774E252EE21D9B000AFE1A /* Profile */,
				2B774E302EE2E092000AFE1A /* Search */,
				2B774E332EE2E409000AFE1A /* Authentication */,
				2B16C5682EE2161E002D4DDD /* TabBar */,
				2B774E282EE225B9000AFE1A /* Components */,
			);
			path = Views;
			sourceTree = "<group>";
		};
		2B16C5682EE2161E002D4DDD /* TabBar */ = {
			isa = PBXGroup;
			children = (
				2B16C5692EE21645002D4DDD /* MainTabView.swift */,
			);
			path = TabBar;
			sourceTree = "<group>";
		};
		2B774E252EE21D9B000AFE1A /* Profile */ = {
			isa = PBXGroup;
			children = (
				2B774E262EE21DBC000AFE1A /* ProfileView.swift */,
				2B774E452EE70F34000AFE1A /* MyProfileView.swift */,
			);
			path = Profile;
			sourceTree = "<group>";
		};
		2B774E282EE225B9000AFE1A /* Components */ = {
			isa = PBXGroup;
			children = (
				2B774E292EE225F8000AFE1A /* UserStatView.swift */,
				2B774E382EE6EC05000AFE1A /* SFTextFieldModifier.swift */,
				2B774E402EE703C5000AFE1A /* SecureFieldWithButton.swift */,
				2B774E492EE71A75000AFE1A /* PostGridView.swift */,
				2B774E4C2EE71FD0000AFE1A /* ProfileHeaderView.swift */,
				2B246DD52EE97DEF00796888 /* EditProfileView.swift */,
				2B246DD72EE982D500796888 /* EditProfileRowView.swift */,
			);
			path = Components;
			sourceTree = "<group>";
		};
		2B774E2B2EE2301F000AFE1A /* Feed */ = {
			isa = PBXGroup;
			children = (
				2B774E2C2EE2303F000AFE1A /* FeedView.swift */,
				2B774E2E2EE2304D000AFE1A /* FeedCard.swift */,
			);
			path = Feed;
			sourceTree = "<group>";
		};
		2B774E302EE2E092000AFE1A /* Search */ = {
			isa = PBXGroup;
			children = (
				2B774E312EE2E0B1000AFE1A /* SearchView.swift */,
			);
			path = Search;
			sourceTree = "<group>";
		};
		2B774E332EE2E409000AFE1A /* Authentication */ = {
			isa = PBXGroup;
			children = (
				2B774E342EE2E42A000AFE1A /* LoginView.swift */,
				2B774E362EE6E3B9000AFE1A /* AddEmailView.swift */,
				2B774E3A2EE6ED6B000AFE1A /* CreateUsernameView.swift */,
				2B774E3C2EE6FC27000AFE1A /* CreatePasswordView.swift */,
				2B774E3E2EE6FD8B000AFE1A /* CompleteSignUpView.swift */,
			);
			path = Authentication;
			sourceTree = "<group>";
		};
		2B774E422EE70A6A000AFE1A /* Models */ = {
			isa = PBXGroup;
			children = (
				2B774E432EE70A78000AFE1A /* User.swift */,
				2B774E472EE71280000AFE1A /* Post.swift */,
			);
			path = Models;
			sourceTree = "<group>";
		};
		2B774E4E2EE720CB000AFE1A /* UploadPostView */ = {
			isa = PBXGroup;
			children = (
				2B774E4F2EE720E0000AFE1A /* UploadPostView.swift */,
			);
			path = UploadPostView;
			sourceTree = "<group>";
		};
		2B774E512EE72401000AFE1A /* ViewModels */ = {
			isa = PBXGroup;
			children = (
				2B086E0B2EEA28B100240038 /* Protocols */,
				2B774E522EE7244D000AFE1A /* UploadPostViewModel.swift */,
				2B774E712EE85127000AFE1A /* ContentViewModel.swift */,
				2B246DCD2EE85CEC00796888 /* RegisterViewModel.swift */,
				2B246DCF2EE86E5C00796888 /* LoginViewModel.swift */,
				2B246DD32EE88AC900796888 /* SearchViewModel.swift */,
				2B246DD92EE98CB500796888 /* EditProfileViewModel.swift */,
			);
			path = ViewModels;
			sourceTree = "<group>";
		};
		2B774E6B2EE84E0A000AFE1A /* Services */ = {
			isa = PBXGroup;
			children = (
				2B086E062EEA289B00240038 /* Protocols */,
				2B774E6C2EE84E31000AFE1A /* AuthService.swift */,
				2B246DD12EE888F300796888 /* UserService.swift */,
				2B246DDB2EE99A8800796888 /* ImageUploader.swift */,
			);
			path = Services;
			sourceTree = "<group>";
		};
		2B774E6E2EE84F88000AFE1A /* Content */ = {
			isa = PBXGroup;
			children = (
				2B16C53F2EE214C2002D4DDD /* ContentView.swift */,
			);
			path = Content;
			sourceTree = "<group>";
		};
		2BF3E3CD2EEC4EC200127B0E /* tr.lproj */ = {
			isa = PBXGroup;
			children = (
				2BF3E3CE2EEC4EC200127B0E /* Localizable.strings */,
			);
			path = tr.lproj;
			sourceTree = "<group>";
		};
		2BF3E3D02EEC4EC200127B0E /* en.lproj */ = {
			isa = PBXGroup;
			children = (
				2BF3E3D12EEC4EC200127B0E /* Localizable.strings */,
			);
			path = en.lproj;
			sourceTree = "<group>";
		};
		2BF3E3D32EEC4EC200127B0E /* Localizable.en.lproj */ = {
			isa = PBXGroup;
			children = (
				2BF3E3D42EEC4EC200127B0E /* Localizable.strings */,
			);
			path = Localizable.en.lproj;
			sourceTree = "<group>";
		};
		2BF3E3D62EEC4EC200127B0E /* Localizable.tr.lproj */ = {
			isa = PBXGroup;
			children = (
				2BF3E3D72EEC4EC200127B0E /* Localizable.strings */,
			);
			path = Localizable.tr.lproj;
			sourceTree = "<group>";
		};
/* End PBXGroup section */

/* Begin PBXNativeTarget section */
		2B16C5392EE214C2002D4DDD /* SnapFeed */ = {
			isa = PBXNativeTarget;
			buildConfigurationList = 2B16C55E2EE214C4002D4DDD /* Build configuration list for PBXNativeTarget "SnapFeed" */;
			buildPhases = (
				2B16C5362EE214C2002D4DDD /* Sources */,
				2B16C5372EE214C2002D4DDD /* Frameworks */,
				2B16C5382EE214C2002D4DDD /* Resources */,
			);
			buildRules = (
			);
			dependencies = (
			);
			name = SnapFeed;
			packageProductDependencies = (
				2B246DBF2EE85A1100796888 /* FirebaseAuth */,
				2B246DC12EE85A1100796888 /* FirebaseDatabase */,
				2B246DC32EE85A1100796888 /* FirebaseDatabaseSwift */,
				2B246DC52EE85A1100796888 /* FirebaseFirestore */,
				2B246DC72EE85A1100796888 /* FirebaseFirestoreSwift */,
				2B246DC92EE85A1100796888 /* FirebaseFunctions */,
				2B246DCB2EE85A1100796888 /* FirebaseStorage */,
			);
			productName = SnapFeed;
			productReference = 2B16C53A2EE214C2002D4DDD /* SnapFeed.app */;
			productType = "com.apple.product-type.application";
		};
		2B16C5492EE214C4002D4DDD /* SnapFeedTests */ = {
			isa = PBXNativeTarget;
			buildConfigurationList = 2B16C5612EE214C4002D4DDD /* Build configuration list for PBXNativeTarget "SnapFeedTests" */;
			buildPhases = (
				2B16C5462EE214C4002D4DDD /* Sources */,
				2B16C5472EE214C4002D4DDD /* Frameworks */,
				2B16C5482EE214C4002D4DDD /* Resources */,
			);
			buildRules = (
			);
			dependencies = (
				2B16C54C2EE214C4002D4DDD /* PBXTargetDependency */,
			);
			name = SnapFeedTests;
			productName = SnapFeedTests;
			productReference = 2B16C54A2EE214C4002D4DDD /* SnapFeedTests.xctest */;
			productType = "com.apple.product-type.bundle.unit-test";
		};
		2B16C5532EE214C4002D4DDD /* SnapFeedUITests */ = {
			isa = PBXNativeTarget;
			buildConfigurationList = 2B16C5642EE214C4002D4DDD /* Build configuration list for PBXNativeTarget "SnapFeedUITests" */;
			buildPhases = (
				2B16C5502EE214C4002D4DDD /* Sources */,
				2B16C5512EE214C4002D4DDD /* Frameworks */,
				2B16C5522EE214C4002D4DDD /* Resources */,
			);
			buildRules = (
			);
			dependencies = (
				2B16C5562EE214C4002D4DDD /* PBXTargetDependency */,
			);
			name = SnapFeedUITests;
			productName = SnapFeedUITests;
			productReference = 2B16C5542EE214C4002D4DDD /* SnapFeedUITests.xctest */;
			productType = "com.apple.product-type.bundle.ui-testing";
		};
/* End PBXNativeTarget section */

/* Begin PBXProject section */
		2B16C5322EE214C2002D4DDD /* Project object */ = {
			isa = PBXProject;
			attributes = {
				BuildIndependentTargetsInParallel = 1;
				LastSwiftUpdateCheck = 1420;
				LastUpgradeCheck = 1420;
				TargetAttributes = {
					2B16C5392EE214C2002D4DDD = {
						CreatedOnToolsVersion = 14.2;
					};
					2B16C5492EE214C4002D4DDD = {
						CreatedOnToolsVersion = 14.2;
						TestTargetID = 2B16C5392EE214C2002D4DDD;
					};
					2B16C5532EE214C4002D4DDD = {
						CreatedOnToolsVersion = 14.2;
						TestTargetID = 2B16C5392EE214C2002D4DDD;
					};
				};
			};
			buildConfigurationList = 2B16C5352EE214C2002D4DDD /* Build configuration list for PBXProject "SnapFeed" */;
			compatibilityVersion = "Xcode 14.0";
			developmentRegion = en;
			hasScannedForEncodings = 0;
			knownRegions = (
				en,
				Base,
				tr,
				Localizable.en,
				localizable.en,
				Localizable.tr,
				localizable.tr,
			);
			mainGroup = 2B16C5312EE214C2002D4DDD;
			packageReferences = (
				2B246DBE2EE85A1100796888 /* XCRemoteSwiftPackageReference "firebase-ios-sdk" */,
			);
			productRefGroup = 2B16C53B2EE214C2002D4DDD /* Products */;
			projectDirPath = "";
			projectRoot = "";
			targets = (
				2B16C5392EE214C2002D4DDD /* SnapFeed */,
				2B16C5492EE214C4002D4DDD /* SnapFeedTests */,
				2B16C5532EE214C4002D4DDD /* SnapFeedUITests */,
			);
		};
/* End PBXProject section */

/* Begin PBXResourcesBuildPhase section */
		2B16C5382EE214C2002D4DDD /* Resources */ = {
			isa = PBXResourcesBuildPhase;
			buildActionMask = 2147483647;
			files = (
				2BF3E3DA2EEC4EC200127B0E /* Localizable.strings in Resources */,
				2BF3E3DB2EEC4EC200127B0E /* Localizable.strings in Resources */,
				2B16C5452EE214C4002D4DDD /* Preview Assets.xcassets in Resources */,
				2BF3E3DC2EEC4EC200127B0E /* Localizable.strings in Resources */,
				2BF3E3D92EEC4EC200127B0E /* Localizable.strings in Resources */,
				2B16C5422EE214C4002D4DDD /* Assets.xcassets in Resources */,
				2B774E552EE849D8000AFE1A /* GoogleService-Info.plist in Resources */,
			);
			runOnlyForDeploymentPostprocessing = 0;
		};
		2B16C5482EE214C4002D4DDD /* Resources */ = {
			isa = PBXResourcesBuildPhase;
			buildActionMask = 2147483647;
			files = (
			);
			runOnlyForDeploymentPostprocessing = 0;
		};
		2B16C5522EE214C4002D4DDD /* Resources */ = {
			isa = PBXResourcesBuildPhase;
			buildActionMask = 2147483647;
			files = (
			);
			runOnlyForDeploymentPostprocessing = 0;
		};
/* End PBXResourcesBuildPhase section */

/* Begin PBXSourcesBuildPhase section */
		2B16C5362EE214C2002D4DDD /* Sources */ = {
			isa = PBXSourcesBuildPhase;
			buildActionMask = 2147483647;
			files = (
				2B246DD62EE97DEF00796888 /* EditProfileView.swift in Sources */,
				2B246DD22EE888F300796888 /* UserService.swift in Sources */,
				2B774E2F2EE2304D000AFE1A /* FeedCard.swift in Sources */,
				2B086E0A2EEA289B00240038 /* UserServiceProtocol.swift in Sources */,
				2B774E6D2EE84E31000AFE1A /* AuthService.swift in Sources */,
				2B774E272EE21DBC000AFE1A /* ProfileView.swift in Sources */,
				2B774E412EE703C5000AFE1A /* SecureFieldWithButton.swift in Sources */,
				2B16C5402EE214C2002D4DDD /* ContentView.swift in Sources */,
				2B774E442EE70A78000AFE1A /* User.swift in Sources */,
				2B774E352EE2E42A000AFE1A /* LoginView.swift in Sources */,
				2B16C53E2EE214C2002D4DDD /* SnapFeedApp.swift in Sources */,
				2B246DD02EE86E5C00796888 /* LoginViewModel.swift in Sources */,
				2BF3E3CA2EEC3A1C00127B0E /* PreviewHelpers.swift in Sources */,
				2B774E4D2EE71FD0000AFE1A /* ProfileHeaderView.swift in Sources */,
				2B774E722EE85127000AFE1A /* ContentViewModel.swift in Sources */,
				2B774E372EE6E3B9000AFE1A /* AddEmailView.swift in Sources */,
				2B246DDC2EE99A8800796888 /* ImageUploader.swift in Sources */,
				2B086E042EEA21D600240038 /* ViewFactory.swift in Sources */,
				2B086E032EEA21D600240038 /* Coordinator.swift in Sources */,
				2B246DD82EE982D500796888 /* EditProfileRowView.swift in Sources */,
				2B086E132EEA28B100240038 /* EditProfileViewModelProtocol.swift in Sources */,
				2B086E002EEA21D600240038 /* AuthenticationCoordinator.swift in Sources */,
				2B086DFF2EEA21D600240038 /* DependencyContainer.swift in Sources */,
				2B774E3B2EE6ED6B000AFE1A /* CreateUsernameView.swift in Sources */,
				2B086E172EEA28B100240038 /* RegisterViewModelProtocol.swift in Sources */,
				2B086E1A2EEA37B000240038 /* AppDelegate.swift in Sources */,
				2B086E142EEA28B100240038 /* UploadPostViewModelProtocol.swift in Sources */,
				2BF3E3DE2EEC4F0A00127B0E /* LanguageManager.swift in Sources */,
				2B086E122EEA28B100240038 /* ContentViewModelProtocol.swift in Sources */,
				2B774E3F2EE6FD8B000AFE1A /* CompleteSignUpView.swift in Sources */,
				2B774E392EE6EC05000AFE1A /* SFTextFieldModifier.swift in Sources */,
				2B774E322EE2E0B1000AFE1A /* SearchView.swift in Sources */,
				2B086E222EEA3AA900240038 /* FirestoreConstants.swift in Sources */,
				2B774E532EE7244D000AFE1A /* UploadPostViewModel.swift in Sources */,
				2B246DD42EE88AC900796888 /* SearchViewModel.swift in Sources */,
				2B774E4A2EE71A75000AFE1A /* PostGridView.swift in Sources */,
				2B086E052EEA21D600240038 /* ViewModelFactory.swift in Sources */,
				2B086E022EEA21D600240038 /* MainCoordinator.swift in Sources */,
				2B086E152EEA28B100240038 /* LoginViewModelProtocol.swift in Sources */,
				2B774E2A2EE225F8000AFE1A /* UserStatView.swift in Sources */,
				2B774E2D2EE2303F000AFE1A /* FeedView.swift in Sources */,
				2B086E012EEA21D600240038 /* AppCoordinator.swift in Sources */,
				2B246DDA2EE98CB500796888 /* EditProfileViewModel.swift in Sources */,
				2B086E092EEA289B00240038 /* AuthServiceProtocol.swift in Sources */,
				2B774E502EE720E0000AFE1A /* UploadPostView.swift in Sources */,
				2B16C56A2EE21645002D4DDD /* MainTabView.swift in Sources */,
				2BF3E3CC2EEC4E8C00127B0E /* String+Localized.swift in Sources */,
				2B246DCE2EE85CEC00796888 /* RegisterViewModel.swift in Sources */,
				2B086E162EEA28B100240038 /* SearchViewModelProtocol.swift in Sources */,
				2B774E482EE71280000AFE1A /* Post.swift in Sources */,
				2B774E462EE70F34000AFE1A /* MyProfileView.swift in Sources */,
				2B774E3D2EE6FC27000AFE1A /* CreatePasswordView.swift in Sources */,
			);
			runOnlyForDeploymentPostprocessing = 0;
		};
		2B16C5462EE214C4002D4DDD /* Sources */ = {
			isa = PBXSourcesBuildPhase;
			buildActionMask = 2147483647;
			files = (
				2B16C54F2EE214C4002D4DDD /* SnapFeedTests.swift in Sources */,
			);
			runOnlyForDeploymentPostprocessing = 0;
		};
		2B16C5502EE214C4002D4DDD /* Sources */ = {
			isa = PBXSourcesBuildPhase;
			buildActionMask = 2147483647;
			files = (
				2B16C55B2EE214C4002D4DDD /* SnapFeedUITestsLaunchTests.swift in Sources */,
				2B16C5592EE214C4002D4DDD /* SnapFeedUITests.swift in Sources */,
			);
			runOnlyForDeploymentPostprocessing = 0;
		};
/* End PBXSourcesBuildPhase section */

/* Begin PBXTargetDependency section */
		2B16C54C2EE214C4002D4DDD /* PBXTargetDependency */ = {
			isa = PBXTargetDependency;
			target = 2B16C5392EE214C2002D4DDD /* SnapFeed */;
			targetProxy = 2B16C54B2EE214C4002D4DDD /* PBXContainerItemProxy */;
		};
		2B16C5562EE214C4002D4DDD /* PBXTargetDependency */ = {
			isa = PBXTargetDependency;
			target = 2B16C5392EE214C2002D4DDD /* SnapFeed */;
			targetProxy = 2B16C5552EE214C4002D4DDD /* PBXContainerItemProxy */;
		};
/* End PBXTargetDependency section */

/* Begin PBXVariantGroup section */
		2BF3E3CE2EEC4EC200127B0E /* Localizable.strings */ = {
			isa = PBXVariantGroup;
			children = (
				2BF3E3CF2EEC4EC200127B0E /* tr */,
			);
			name = Localizable.strings;
			sourceTree = "<group>";
		};
		2BF3E3D12EEC4EC200127B0E /* Localizable.strings */ = {
			isa = PBXVariantGroup;
			children = (
				2BF3E3D22EEC4EC200127B0E /* en */,
			);
			name = Localizable.strings;
			sourceTree = "<group>";
		};
		2BF3E3D42EEC4EC200127B0E /* Localizable.strings */ = {
			isa = PBXVariantGroup;
			children = (
				2BF3E3D52EEC4EC200127B0E /* Localizable.en */,
			);
			name = Localizable.strings;
			sourceTree = "<group>";
		};
		2BF3E3D72EEC4EC200127B0E /* Localizable.strings */ = {
			isa = PBXVariantGroup;
			children = (
				2BF3E3D82EEC4EC200127B0E /* Localizable.tr */,
			);
			name = Localizable.strings;
			sourceTree = "<group>";
		};
/* End PBXVariantGroup section */

/* Begin XCBuildConfiguration section */
		2B16C55C2EE214C4002D4DDD /* Debug */ = {
			isa = XCBuildConfiguration;
			buildSettings = {
				ALWAYS_SEARCH_USER_PATHS = NO;
				CLANG_ANALYZER_NONNULL = YES;
				CLANG_ANALYZER_NUMBER_OBJECT_CONVERSION = YES_AGGRESSIVE;
				CLANG_CXX_LANGUAGE_STANDARD = "gnu++20";
				CLANG_ENABLE_MODULES = YES;
				CLANG_ENABLE_OBJC_ARC = YES;
				CLANG_ENABLE_OBJC_WEAK = YES;
				CLANG_WARN_BLOCK_CAPTURE_AUTORELEASING = YES;
				CLANG_WARN_BOOL_CONVERSION = YES;
				CLANG_WARN_COMMA = YES;
				CLANG_WARN_CONSTANT_CONVERSION = YES;
				CLANG_WARN_DEPRECATED_OBJC_IMPLEMENTATIONS = YES;
				CLANG_WARN_DIRECT_OBJC_ISA_USAGE = YES_ERROR;
				CLANG_WARN_DOCUMENTATION_COMMENTS = YES;
				CLANG_WARN_EMPTY_BODY = YES;
				CLANG_WARN_ENUM_CONVERSION = YES;
				CLANG_WARN_INFINITE_RECURSION = YES;
				CLANG_WARN_INT_CONVERSION = YES;
				CLANG_WARN_NON_LITERAL_NULL_CONVERSION = YES;
				CLANG_WARN_OBJC_IMPLICIT_RETAIN_SELF = YES;
				CLANG_WARN_OBJC_LITERAL_CONVERSION = YES;
				CLANG_WARN_OBJC_ROOT_CLASS = YES_ERROR;
				CLANG_WARN_QUOTED_INCLUDE_IN_FRAMEWORK_HEADER = YES;
				CLANG_WARN_RANGE_LOOP_ANALYSIS = YES;
				CLANG_WARN_STRICT_PROTOTYPES = YES;
				CLANG_WARN_SUSPICIOUS_MOVE = YES;
				CLANG_WARN_UNGUARDED_AVAILABILITY = YES_AGGRESSIVE;
				CLANG_WARN_UNREACHABLE_CODE = YES;
				CLANG_WARN__DUPLICATE_METHOD_MATCH = YES;
				COPY_PHASE_STRIP = NO;
				DEBUG_INFORMATION_FORMAT = dwarf;
				ENABLE_STRICT_OBJC_MSGSEND = YES;
				ENABLE_TESTABILITY = YES;
				GCC_C_LANGUAGE_STANDARD = gnu11;
				GCC_DYNAMIC_NO_PIC = NO;
				GCC_NO_COMMON_BLOCKS = YES;
				GCC_OPTIMIZATION_LEVEL = 0;
				GCC_PREPROCESSOR_DEFINITIONS = (
					"DEBUG=1",
					"$(inherited)",
				);
				GCC_WARN_64_TO_32_BIT_CONVERSION = YES;
				GCC_WARN_ABOUT_RETURN_TYPE = YES_ERROR;
				GCC_WARN_UNDECLARED_SELECTOR = YES;
				GCC_WARN_UNINITIALIZED_AUTOS = YES_AGGRESSIVE;
				GCC_WARN_UNUSED_FUNCTION = YES;
				GCC_WARN_UNUSED_VARIABLE = YES;
				IPHONEOS_DEPLOYMENT_TARGET = 16.2;
				MTL_ENABLE_DEBUG_INFO = INCLUDE_SOURCE;
				MTL_FAST_MATH = YES;
				ONLY_ACTIVE_ARCH = YES;
				SDKROOT = iphoneos;
				SWIFT_ACTIVE_COMPILATION_CONDITIONS = DEBUG;
				SWIFT_OPTIMIZATION_LEVEL = "-Onone";
			};
			name = Debug;
		};
		2B16C55D2EE214C4002D4DDD /* Release */ = {
			isa = XCBuildConfiguration;
			buildSettings = {
				ALWAYS_SEARCH_USER_PATHS = NO;
				CLANG_ANALYZER_NONNULL = YES;
				CLANG_ANALYZER_NUMBER_OBJECT_CONVERSION = YES_AGGRESSIVE;
				CLANG_CXX_LANGUAGE_STANDARD = "gnu++20";
				CLANG_ENABLE_MODULES = YES;
				CLANG_ENABLE_OBJC_ARC = YES;
				CLANG_ENABLE_OBJC_WEAK = YES;
				CLANG_WARN_BLOCK_CAPTURE_AUTORELEASING = YES;
				CLANG_WARN_BOOL_CONVERSION = YES;
				CLANG_WARN_COMMA = YES;
				CLANG_WARN_CONSTANT_CONVERSION = YES;
				CLANG_WARN_DEPRECATED_OBJC_IMPLEMENTATIONS = YES;
				CLANG_WARN_DIRECT_OBJC_ISA_USAGE = YES_ERROR;
				CLANG_WARN_DOCUMENTATION_COMMENTS = YES;
				CLANG_WARN_EMPTY_BODY = YES;
				CLANG_WARN_ENUM_CONVERSION = YES;
				CLANG_WARN_INFINITE_RECURSION = YES;
				CLANG_WARN_INT_CONVERSION = YES;
				CLANG_WARN_NON_LITERAL_NULL_CONVERSION = YES;
				CLANG_WARN_OBJC_IMPLICIT_RETAIN_SELF = YES;
				CLANG_WARN_OBJC_LITERAL_CONVERSION = YES;
				CLANG_WARN_OBJC_ROOT_CLASS = YES_ERROR;
				CLANG_WARN_QUOTED_INCLUDE_IN_FRAMEWORK_HEADER = YES;
				CLANG_WARN_RANGE_LOOP_ANALYSIS = YES;
				CLANG_WARN_STRICT_PROTOTYPES = YES;
				CLANG_WARN_SUSPICIOUS_MOVE = YES;
				CLANG_WARN_UNGUARDED_AVAILABILITY = YES_AGGRESSIVE;
				CLANG_WARN_UNREACHABLE_CODE = YES;
				CLANG_WARN__DUPLICATE_METHOD_MATCH = YES;
				COPY_PHASE_STRIP = NO;
				DEBUG_INFORMATION_FORMAT = "dwarf-with-dsym";
				ENABLE_NS_ASSERTIONS = NO;
				ENABLE_STRICT_OBJC_MSGSEND = YES;
				GCC_C_LANGUAGE_STANDARD = gnu11;
				GCC_NO_COMMON_BLOCKS = YES;
				GCC_WARN_64_TO_32_BIT_CONVERSION = YES;
				GCC_WARN_ABOUT_RETURN_TYPE = YES_ERROR;
				GCC_WARN_UNDECLARED_SELECTOR = YES;
				GCC_WARN_UNINITIALIZED_AUTOS = YES_AGGRESSIVE;
				GCC_WARN_UNUSED_FUNCTION = YES;
				GCC_WARN_UNUSED_VARIABLE = YES;
				IPHONEOS_DEPLOYMENT_TARGET = 16.2;
				MTL_ENABLE_DEBUG_INFO = NO;
				MTL_FAST_MATH = YES;
				SDKROOT = iphoneos;
				SWIFT_COMPILATION_MODE = wholemodule;
				SWIFT_OPTIMIZATION_LEVEL = "-O";
				VALIDATE_PRODUCT = YES;
			};
			name = Release;
		};
		2B16C55F2EE214C4002D4DDD /* Debug */ = {
			isa = XCBuildConfiguration;
			buildSettings = {
				ASSETCATALOG_COMPILER_APPICON_NAME = AppIcon;
				ASSETCATALOG_COMPILER_GLOBAL_ACCENT_COLOR_NAME = AccentColor;
				CODE_SIGN_STYLE = Automatic;
				CURRENT_PROJECT_VERSION = 1;
				DEVELOPMENT_ASSET_PATHS = "\"SnapFeed/Resources/Preview Content\"";
				DEVELOPMENT_TEAM = M8RR6DQ254;
				ENABLE_PREVIEWS = YES;
				GENERATE_INFOPLIST_FILE = YES;
				INFOPLIST_KEY_NSPhotoLibraryUsageDescription = "We need access to your photo library to let you upload photos.";
				INFOPLIST_KEY_UIApplicationSceneManifest_Generation = YES;
				INFOPLIST_KEY_UIApplicationSupportsIndirectInputEvents = YES;
				INFOPLIST_KEY_UILaunchScreen_Generation = YES;
				INFOPLIST_KEY_UISupportedInterfaceOrientations_iPad = "UIInterfaceOrientationPortrait UIInterfaceOrientationPortraitUpsideDown UIInterfaceOrientationLandscapeLeft UIInterfaceOrientationLandscapeRight";
				INFOPLIST_KEY_UISupportedInterfaceOrientations_iPhone = "UIInterfaceOrientationPortrait UIInterfaceOrientationLandscapeLeft UIInterfaceOrientationLandscapeRight";
				LD_RUNPATH_SEARCH_PATHS = (
					"$(inherited)",
					"@executable_path/Frameworks",
				);
				MARKETING_VERSION = 1.0;
				PRODUCT_BUNDLE_IDENTIFIER = com.aran.SnapFeed;
				PRODUCT_NAME = "$(TARGET_NAME)";
				SWIFT_EMIT_LOC_STRINGS = YES;
				SWIFT_VERSION = 5.0;
				TARGETED_DEVICE_FAMILY = "1,2";
			};
			name = Debug;
		};
		2B16C5602EE214C4002D4DDD /* Release */ = {
			isa = XCBuildConfiguration;
			buildSettings = {
				ASSETCATALOG_COMPILER_APPICON_NAME = AppIcon;
				ASSETCATALOG_COMPILER_GLOBAL_ACCENT_COLOR_NAME = AccentColor;
				CODE_SIGN_STYLE = Automatic;
				CURRENT_PROJECT_VERSION = 1;
				DEVELOPMENT_ASSET_PATHS = "\"SnapFeed/Resources/Preview Content\"";
				DEVELOPMENT_TEAM = M8RR6DQ254;
				ENABLE_PREVIEWS = YES;
				GENERATE_INFOPLIST_FILE = YES;
				INFOPLIST_KEY_NSPhotoLibraryUsageDescription = "We need access to your photo library to let you upload photos.";
				INFOPLIST_KEY_UIApplicationSceneManifest_Generation = YES;
				INFOPLIST_KEY_UIApplicationSupportsIndirectInputEvents = YES;
				INFOPLIST_KEY_UILaunchScreen_Generation = YES;
				INFOPLIST_KEY_UISupportedInterfaceOrientations_iPad = "UIInterfaceOrientationPortrait UIInterfaceOrientationPortraitUpsideDown UIInterfaceOrientationLandscapeLeft UIInterfaceOrientationLandscapeRight";
				INFOPLIST_KEY_UISupportedInterfaceOrientations_iPhone = "UIInterfaceOrientationPortrait UIInterfaceOrientationLandscapeLeft UIInterfaceOrientationLandscapeRight";
				LD_RUNPATH_SEARCH_PATHS = (
					"$(inherited)",
					"@executable_path/Frameworks",
				);
				MARKETING_VERSION = 1.0;
				PRODUCT_BUNDLE_IDENTIFIER = com.aran.SnapFeed;
				PRODUCT_NAME = "$(TARGET_NAME)";
				SWIFT_EMIT_LOC_STRINGS = YES;
				SWIFT_VERSION = 5.0;
				TARGETED_DEVICE_FAMILY = "1,2";
			};
			name = Release;
		};
		2B16C5622EE214C4002D4DDD /* Debug */ = {
			isa = XCBuildConfiguration;
			buildSettings = {
				ALWAYS_EMBED_SWIFT_STANDARD_LIBRARIES = YES;
				BUNDLE_LOADER = "$(TEST_HOST)";
				CODE_SIGN_STYLE = Automatic;
				CURRENT_PROJECT_VERSION = 1;
				DEVELOPMENT_TEAM = M8RR6DQ254;
				GENERATE_INFOPLIST_FILE = YES;
				IPHONEOS_DEPLOYMENT_TARGET = 16.2;
				MARKETING_VERSION = 1.0;
				PRODUCT_BUNDLE_IDENTIFIER = com.aran.SnapFeedTests;
				PRODUCT_NAME = "$(TARGET_NAME)";
				SWIFT_EMIT_LOC_STRINGS = NO;
				SWIFT_VERSION = 5.0;
				TARGETED_DEVICE_FAMILY = "1,2";
				TEST_HOST = "$(BUILT_PRODUCTS_DIR)/SnapFeed.app/$(BUNDLE_EXECUTABLE_FOLDER_PATH)/SnapFeed";
			};
			name = Debug;
		};
		2B16C5632EE214C4002D4DDD /* Release */ = {
			isa = XCBuildConfiguration;
			buildSettings = {
				ALWAYS_EMBED_SWIFT_STANDARD_LIBRARIES = YES;
				BUNDLE_LOADER = "$(TEST_HOST)";
				CODE_SIGN_STYLE = Automatic;
				CURRENT_PROJECT_VERSION = 1;
				DEVELOPMENT_TEAM = M8RR6DQ254;
				GENERATE_INFOPLIST_FILE = YES;
				IPHONEOS_DEPLOYMENT_TARGET = 16.2;
				MARKETING_VERSION = 1.0;
				PRODUCT_BUNDLE_IDENTIFIER = com.aran.SnapFeedTests;
				PRODUCT_NAME = "$(TARGET_NAME)";
				SWIFT_EMIT_LOC_STRINGS = NO;
				SWIFT_VERSION = 5.0;
				TARGETED_DEVICE_FAMILY = "1,2";
				TEST_HOST = "$(BUILT_PRODUCTS_DIR)/SnapFeed.app/$(BUNDLE_EXECUTABLE_FOLDER_PATH)/SnapFeed";
			};
			name = Release;
		};
		2B16C5652EE214C4002D4DDD /* Debug */ = {
			isa = XCBuildConfiguration;
			buildSettings = {
				ALWAYS_EMBED_SWIFT_STANDARD_LIBRARIES = YES;
				CODE_SIGN_STYLE = Automatic;
				CURRENT_PROJECT_VERSION = 1;
				DEVELOPMENT_TEAM = M8RR6DQ254;
				GENERATE_INFOPLIST_FILE = YES;
				MARKETING_VERSION = 1.0;
				PRODUCT_BUNDLE_IDENTIFIER = com.aran.SnapFeedUITests;
				PRODUCT_NAME = "$(TARGET_NAME)";
				SWIFT_EMIT_LOC_STRINGS = NO;
				SWIFT_VERSION = 5.0;
				TARGETED_DEVICE_FAMILY = "1,2";
				TEST_TARGET_NAME = SnapFeed;
			};
			name = Debug;
		};
		2B16C5662EE214C4002D4DDD /* Release */ = {
			isa = XCBuildConfiguration;
			buildSettings = {
				ALWAYS_EMBED_SWIFT_STANDARD_LIBRARIES = YES;
				CODE_SIGN_STYLE = Automatic;
				CURRENT_PROJECT_VERSION = 1;
				DEVELOPMENT_TEAM = M8RR6DQ254;
				GENERATE_INFOPLIST_FILE = YES;
				MARKETING_VERSION = 1.0;
				PRODUCT_BUNDLE_IDENTIFIER = com.aran.SnapFeedUITests;
				PRODUCT_NAME = "$(TARGET_NAME)";
				SWIFT_EMIT_LOC_STRINGS = NO;
				SWIFT_VERSION = 5.0;
				TARGETED_DEVICE_FAMILY = "1,2";
				TEST_TARGET_NAME = SnapFeed;
			};
			name = Release;
		};
/* End XCBuildConfiguration section */

/* Begin XCConfigurationList section */
		2B16C5352EE214C2002D4DDD /* Build configuration list for PBXProject "SnapFeed" */ = {
			isa = XCConfigurationList;
			buildConfigurations = (
				2B16C55C2EE214C4002D4DDD /* Debug */,
				2B16C55D2EE214C4002D4DDD /* Release */,
			);
			defaultConfigurationIsVisible = 0;
			defaultConfigurationName = Release;
		};
		2B16C55E2EE214C4002D4DDD /* Build configuration list for PBXNativeTarget "SnapFeed" */ = {
			isa = XCConfigurationList;
			buildConfigurations = (
				2B16C55F2EE214C4002D4DDD /* Debug */,
				2B16C5602EE214C4002D4DDD /* Release */,
			);
			defaultConfigurationIsVisible = 0;
			defaultConfigurationName = Release;
		};
		2B16C5612EE214C4002D4DDD /* Build configuration list for PBXNativeTarget "SnapFeedTests" */ = {
			isa = XCConfigurationList;
			buildConfigurations = (
				2B16C5622EE214C4002D4DDD /* Debug */,
				2B16C5632EE214C4002D4DDD /* Release */,
			);
			defaultConfigurationIsVisible = 0;
			defaultConfigurationName = Release;
		};
		2B16C5642EE214C4002D4DDD /* Build configuration list for PBXNativeTarget "SnapFeedUITests" */ = {
			isa = XCConfigurationList;
			buildConfigurations = (
				2B16C5652EE214C4002D4DDD /* Debug */,
				2B16C5662EE214C4002D4DDD /* Release */,
			);
			defaultConfigurationIsVisible = 0;
			defaultConfigurationName = Release;
		};
/* End XCConfigurationList section */

/* Begin XCRemoteSwiftPackageReference section */
		2B246DBE2EE85A1100796888 /* XCRemoteSwiftPackageReference "firebase-ios-sdk" */ = {
			isa = XCRemoteSwiftPackageReference;
			repositoryURL = "https://github.com/firebase/firebase-ios-sdk";
			requirement = {
				kind = upToNextMajorVersion;
				minimumVersion = 9.0.0;
			};
		};
/* End XCRemoteSwiftPackageReference section */

/* Begin XCSwiftPackageProductDependency section */
		2B246DBF2EE85A1100796888 /* FirebaseAuth */ = {
			isa = XCSwiftPackageProductDependency;
			package = 2B246DBE2EE85A1100796888 /* XCRemoteSwiftPackageReference "firebase-ios-sdk" */;
			productName = FirebaseAuth;
		};
		2B246DC12EE85A1100796888 /* FirebaseDatabase */ = {
			isa = XCSwiftPackageProductDependency;
			package = 2B246DBE2EE85A1100796888 /* XCRemoteSwiftPackageReference "firebase-ios-sdk" */;
			productName = FirebaseDatabase;
		};
		2B246DC32EE85A1100796888 /* FirebaseDatabaseSwift */ = {
			isa = XCSwiftPackageProductDependency;
			package = 2B246DBE2EE85A1100796888 /* XCRemoteSwiftPackageReference "firebase-ios-sdk" */;
			productName = FirebaseDatabaseSwift;
		};
		2B246DC52EE85A1100796888 /* FirebaseFirestore */ = {
			isa = XCSwiftPackageProductDependency;
			package = 2B246DBE2EE85A1100796888 /* XCRemoteSwiftPackageReference "firebase-ios-sdk" */;
			productName = FirebaseFirestore;
		};
		2B246DC72EE85A1100796888 /* FirebaseFirestoreSwift */ = {
			isa = XCSwiftPackageProductDependency;
			package = 2B246DBE2EE85A1100796888 /* XCRemoteSwiftPackageReference "firebase-ios-sdk" */;
			productName = FirebaseFirestoreSwift;
		};
		2B246DC92EE85A1100796888 /* FirebaseFunctions */ = {
			isa = XCSwiftPackageProductDependency;
			package = 2B246DBE2EE85A1100796888 /* XCRemoteSwiftPackageReference "firebase-ios-sdk" */;
			productName = FirebaseFunctions;
		};
		2B246DCB2EE85A1100796888 /* FirebaseStorage */ = {
			isa = XCSwiftPackageProductDependency;
			package = 2B246DBE2EE85A1100796888 /* XCRemoteSwiftPackageReference "firebase-ios-sdk" */;
			productName = FirebaseStorage;
		};
/* End XCSwiftPackageProductDependency section */
	};
	rootObject = 2B16C5322EE214C2002D4DDD /* Project object */;
}
